hash: 75508e3f560500e1cad99cb806b7dc827ed6fbadbd6930b42efc1380fe6594df
updated: 2017-10-08T01:34:32.18119553+02:00
imports:
- name: github.com/apache/thrift
  version: 9f9e30b51e3912c0b63258badf5501d3cb2550be
  subpackages:
  - lib/go/thrift
- name: github.com/beorn7/perks
  version: 4c0e84591b9aa9e6dcfdf3e020114cd81f89d5f9
  subpackages:
  - quantile
- name: github.com/davecgh/go-spew
  version: ecdeabc65495df2dec95d7c4a4c3e021903035e5
  subpackages:
  - spew
- name: github.com/eapache/go-resiliency
  version: b1fe83b5b03f624450823b751b662259ffc6af70
  subpackages:
  - breaker
- name: github.com/eapache/go-xerial-snappy
  version: bb955e01b9346ac19dc29eb16586c90ded99a98c
- name: github.com/eapache/queue
  version: 44cc805cf13205b55f69e14bcb69867d1ae92f98
- name: github.com/go-kit/kit
  version: 4dc7be5d2d12881735283bcab7352178e190fc71
  subpackages:
  - endpoint
  - log
  - metrics
  - metrics/internal/lv
  - metrics/prometheus
  - tracing/opentracing
  - transport/http
- name: github.com/go-logfmt/logfmt
  version: 390ab7935ee28ec6b286364bba9b4dd6410cb3d5
- name: github.com/go-stack/stack
  version: 817915b46b97fd7bb80e8ab6b69f01a53ac3eebf
- name: github.com/gogo/protobuf
  version: 342cbe0a04158f6dcb03ca0079991a51a4248c02
  subpackages:
  - io
  - proto
- name: github.com/golang/protobuf
  version: 130e6b02ab059e7b717a096f397c5b60111cae74
  subpackages:
  - proto
  - protoc-gen-go/descriptor
  - ptypes
  - ptypes/any
  - ptypes/duration
  - ptypes/timestamp
- name: github.com/golang/snappy
  version: 553a641470496b2327abcac10b36396bd98e45c9
- name: github.com/gorilla/context
  version: 08b5f424b9271eedf6f9f0ce86cb9396ed337a42
- name: github.com/gorilla/handlers
  version: a4043c62cc2329bacda331d33fc908ab11ef0ec3
- name: github.com/gorilla/mux
  version: 24fca303ac6da784b9e8269f724ddeb0b2eea5e7
- name: github.com/kr/logfmt
  version: b84e30acd515aadc4b783ad4ff83aff3299bdfe0
- name: github.com/lightstep/lightstep-tracer-go
  version: 1e25a648c27c4f33bd96964cc0192a2f00ba60f3
  subpackages:
  - collectorpb
  - lightstep_thrift
  - lightsteppb
  - thrift_0_9_2/lib/go/thrift
- name: github.com/matttproud/golang_protobuf_extensions
  version: c12348ce28de40eed0136aa2b644d0ee0650e56c
  subpackages:
  - pbutil
- name: github.com/oklog/oklog
  version: f857583a70c345341d679b3f27aa542c8db70a21
  subpackages:
  - pkg/group
- name: github.com/opentracing-contrib/go-observer
  version: a52f2342449246d5bcc273e65cbdcfa5f7d6c63c
- name: github.com/opentracing/basictracer-go
  version: 1b32af207119a14b1b231d451df3ed04a72efebf
  subpackages:
  - wire
- name: github.com/opentracing/opentracing-go
  version: 1361b9cd60be79c4c3a7fa9841b3c132e40066a7
  subpackages:
  - ext
  - log
- name: github.com/openzipkin/zipkin-go-opentracing
  version: 9c88fa03bfdfaa5fec7cd1b40f3d10ec15c15fc6
  subpackages:
  - flag
  - thrift/gen-go/scribe
  - thrift/gen-go/zipkincore
  - types
  - wire
- name: github.com/pierrec/lz4
  version: 08c27939df1bd95e881e2c2367a749964ad1fceb
- name: github.com/pierrec/xxHash
  version: a0006b13c722f7f12368c00a3d3c2ae8a999a0c6
  subpackages:
  - xxHash32
- name: github.com/prometheus/client_golang
  version: 5cec1d0429b02e4323e042eb04dafdb079ddf568
  subpackages:
  - prometheus
  - prometheus/promhttp
- name: github.com/prometheus/client_model
  version: 6f3806018612930941127f2a7c6c453ba2c527d2
  subpackages:
  - go
- name: github.com/prometheus/common
  version: 1bab55dd05dbff384524a6a1c99006d9eb5f139b
  subpackages:
  - expfmt
  - internal/bitbucket.org/ww/goautoneg
  - model
- name: github.com/prometheus/procfs
  version: e645f4e5aaa8506fc71d6edbc5c4ff02c04c46f2
  subpackages:
  - xfs
- name: github.com/rcrowley/go-metrics
  version: 1f30fe9094a513ce4c700b9a54458bbb0c96996c
- name: github.com/Shopify/sarama
  version: 70f6a705d4a17af059acbc6946fb2bd30762acd7
- name: golang.org/x/net
  version: a04bdaca5b32abe1c069418fb7088ae607de5bd0
  subpackages:
  - context
  - http2
  - http2/hpack
  - idna
  - internal/timeseries
  - lex/httplex
  - trace
- name: golang.org/x/text
  version: 825fc78a2fd6fa0a5447e300189e3219e05e1f25
  subpackages:
  - secure/bidirule
  - transform
  - unicode/bidi
  - unicode/norm
- name: google.golang.org/genproto
  version: f676e0f3ac6395ff1a529ae59a6670878a8371a6
  subpackages:
  - googleapis/api/annotations
  - googleapis/rpc/status
- name: google.golang.org/grpc
  version: 06233310cc312165d1a5e8c1a7bb4cb51c7f402b
  subpackages:
  - balancer
  - codes
  - connectivity
  - credentials
  - grpclb/grpc_lb_v1/messages
  - grpclog
  - internal
  - keepalive
  - metadata
  - naming
  - peer
  - resolver
  - stats
  - status
  - tap
  - transport
- name: gopkg.in/mgo.v2
  version: 3f83fa5005286a7fe593b055f0d7771a7dce4655
  subpackages:
  - bson
  - internal/json
  - internal/sasl
  - internal/scram
- name: sourcegraph.com/sourcegraph/appdash
  version: 5b9b70908c0e32b53e17215ee6e9515b02ad08b2
  subpackages:
  - internal/wire
  - opentracing
testImports: []
